{
  "name": "stream-mmmagic-demo",
  "version": "1.0.0",
  "lockfileVersion": 1,
  "requires": true,
  "dependencies": {
    "buffer-peek-stream": {
      "version": "1.1.0",
      "resolved": "https://registry.npmjs.org/buffer-peek-stream/-/buffer-peek-stream-1.1.0.tgz",
      "integrity": "sha512-b3MXlJ52rPOL5xCAQsiCOy/tY9WXOP/hwATporJriUDxnT3MjJgVppDzTFegpg2Nw7NMS28MKC6IKvaXLnGr+Q=="
    },
    "mmmagic": {
      "version": "0.5.3",
      "resolved": "https://registry.npmjs.org/mmmagic/-/mmmagic-0.5.3.tgz",
      "integrity": "sha512-xLqCu7GJYTzJczg0jafXFuh+iPzQL/ru0YYf4GiTTz8Cehru/wiXtUS8Pp8Xi77zNaiVndJ0OO1yAFci6iHyFg==",
      "requires": {
        "nan": "^2.13.2"
      }
    },
    "nan": {
      "version": "2.15.0",
      "resolved": "https://registry.npmjs.org/nan/-/nan-2.15.0.tgz",
      "integrity": "sha512-8ZtvEnA2c5aYCZYd1cvgdnU6cqwixRoYg70xPLWUws5ORTa/lnw+u4amixRS/Ac5U5mQVgp9pnlSUnbNWFaWZQ=="
    },
    "stream-mmmagic": {
      "version": "2.3.0",
      "resolved": "https://registry.npmjs.org/stream-mmmagic/-/stream-mmmagic-2.3.0.tgz",
      "integrity": "sha512-6pzzM+P/cTF77Cq6cZ93vPF2k8FNYHs7F3vnIhwbEbr7QDbhR2p9RAjq2FwHUdH1BL/OJBRQ6XrBFj+RuRpVqQ==",
      "requires": {
        "buffer-peek-stream": "^1.1.0",
        "mmmagic": "^0.5.0"
      }
    }
  }
}
